// !$*UTF8*$!
{
	archiveVersion = 1;
	classes = {
	};
	objectVersion = 56;
	objects = {

/* Begin PBXBuildFile section */
		A0156F792C0BE47E00D01AA3 /* HikeApp.swift in Sources */ = {isa = PBXBuildFile; fileRef = A0156F782C0BE47E00D01AA3 /* HikeApp.swift */; };
		A0156F7B2C0BE47E00D01AA3 /* ContentView.swift in Sources */ = {isa = PBXBuildFile; fileRef = A0156F7A2C0BE47E00D01AA3 /* ContentView.swift */; };
		A0156F7D2C0BE48000D01AA3 /* Assets.xcassets in Resources */ = {isa = PBXBuildFile; fileRef = A0156F7C2C0BE48000D01AA3 /* Assets.xcassets */; };
		A0156F802C0BE48000D01AA3 /* Preview Assets.xcassets in Resources */ = {isa = PBXBuildFile; fileRef = A0156F7F2C0BE48000D01AA3 /* Preview Assets.xcassets */; };
		A0156F8A2C0BE48000D01AA3 /* HikeTests.swift in Sources */ = {isa = PBXBuildFile; fileRef = A0156F892C0BE48000D01AA3 /* HikeTests.swift */; };
		A0156F942C0BE48000D01AA3 /* HikeUITests.swift in Sources */ = {isa = PBXBuildFile; fileRef = A0156F932C0BE48000D01AA3 /* HikeUITests.swift */; };
		A0156F962C0BE48000D01AA3 /* HikeUITestsLaunchTests.swift in Sources */ = {isa = PBXBuildFile; fileRef = A0156F952C0BE48000D01AA3 /* HikeUITestsLaunchTests.swift */; };
		A05532EA2C0BE78E00F82EB1 /* CardView.swift in Sources */ = {isa = PBXBuildFile; fileRef = A05532E92C0BE78E00F82EB1 /* CardView.swift */; };
		A05532ED2C0BE9A400F82EB1 /* CustomBackgroundView.swift in Sources */ = {isa = PBXBuildFile; fileRef = A05532EC2C0BE9A400F82EB1 /* CustomBackgroundView.swift */; };
		A05532F02C0BEB3300F82EB1 /* ColorExtension.swift in Sources */ = {isa = PBXBuildFile; fileRef = A05532EF2C0BEB3300F82EB1 /* ColorExtension.swift */; };
		A0638A852C0C102B004CCE79 /* CustomButtonView.swift in Sources */ = {isa = PBXBuildFile; fileRef = A0638A842C0C102B004CCE79 /* CustomButtonView.swift */; };
		DE520E7C2C0D5A4F00817C2A /* GradientButtonStyle.swift in Sources */ = {isa = PBXBuildFile; fileRef = DE520E7B2C0D5A4F00817C2A /* GradientButtonStyle.swift */; };
		DE520E7E2C0D5F2900817C2A /* CustomCircleView.swift in Sources */ = {isa = PBXBuildFile; fileRef = DE520E7D2C0D5F2900817C2A /* CustomCircleView.swift */; };
		DEA083642C489F3800F199A1 /* MotionAnimationView.swift in Sources */ = {isa = PBXBuildFile; fileRef = DEA083632C489F3800F199A1 /* MotionAnimationView.swift */; };
		DEA083682C48A86200F199A1 /* SettingsView.swift in Sources */ = {isa = PBXBuildFile; fileRef = DEA083672C48A86200F199A1 /* SettingsView.swift */; };
		DEA0836A2C48B03000F199A1 /* CustomListRowView.swift in Sources */ = {isa = PBXBuildFile; fileRef = DEA083692C48B03000F199A1 /* CustomListRowView.swift */; };
/* End PBXBuildFile section */

/* Begin PBXContainerItemProxy section */
		A0156F862C0BE48000D01AA3 /* PBXContainerItemProxy */ = {
			isa = PBXContainerItemProxy;
			containerPortal = A0156F6D2C0BE47E00D01AA3 /* Project object */;
			proxyType = 1;
			remoteGlobalIDString = A0156F742C0BE47E00D01AA3;
			remoteInfo = Hike;
		};
		A0156F902C0BE48000D01AA3 /* PBXContainerItemProxy */ = {
			isa = PBXContainerItemProxy;
			containerPortal = A0156F6D2C0BE47E00D01AA3 /* Project object */;
			proxyType = 1;
			remoteGlobalIDString = A0156F742C0BE47E00D01AA3;
			remoteInfo = Hike;
		};
/* End PBXContainerItemProxy section */

/* Begin PBXFileReference section */
		A0156F752C0BE47E00D01AA3 /* Hike.app */ = {isa = PBXFileReference; explicitFileType = wrapper.application; includeInIndex = 0; path = Hike.app; sourceTree = BUILT_PRODUCTS_DIR; };
		A0156F782C0BE47E00D01AA3 /* HikeApp.swift */ = {isa = PBXFileReference; lastKnownFileType = sourcecode.swift; path = HikeApp.swift; sourceTree = "<group>"; };
		A0156F7A2C0BE47E00D01AA3 /* ContentView.swift */ = {isa = PBXFileReference; lastKnownFileType = sourcecode.swift; path = ContentView.swift; sourceTree = "<group>"; };
		A0156F7C2C0BE48000D01AA3 /* Assets.xcassets */ = {isa = PBXFileReference; lastKnownFileType = folder.assetcatalog; path = Assets.xcassets; sourceTree = "<group>"; };
		A0156F7F2C0BE48000D01AA3 /* Preview Assets.xcassets */ = {isa = PBXFileReference; lastKnownFileType = folder.assetcatalog; path = "Preview Assets.xcassets"; sourceTree = "<group>"; };
		A0156F852C0BE48000D01AA3 /* HikeTests.xctest */ = {isa = PBXFileReference; explicitFileType = wrapper.cfbundle; includeInIndex = 0; path = HikeTests.xctest; sourceTree = BUILT_PRODUCTS_DIR; };
		A0156F892C0BE48000D01AA3 /* HikeTests.swift */ = {isa = PBXFileReference; lastKnownFileType = sourcecode.swift; path = HikeTests.swift; sourceTree = "<group>"; };
		A0156F8F2C0BE48000D01AA3 /* HikeUITests.xctest */ = {isa = PBXFileReference; explicitFileType = wrapper.cfbundle; includeInIndex = 0; path = HikeUITests.xctest; sourceTree = BUILT_PRODUCTS_DIR; };
		A0156F932C0BE48000D01AA3 /* HikeUITests.swift */ = {isa = PBXFileReference; lastKnownFileType = sourcecode.swift; path = HikeUITests.swift; sourceTree = "<group>"; };
		A0156F952C0BE48000D01AA3 /* HikeUITestsLaunchTests.swift */ = {isa = PBXFileReference; lastKnownFileType = sourcecode.swift; path = HikeUITestsLaunchTests.swift; sourceTree = "<group>"; };
		A05532E92C0BE78E00F82EB1 /* CardView.swift */ = {isa = PBXFileReference; lastKnownFileType = sourcecode.swift; path = CardView.swift; sourceTree = "<group>"; };
		A05532EC2C0BE9A400F82EB1 /* CustomBackgroundView.swift */ = {isa = PBXFileReference; lastKnownFileType = sourcecode.swift; path = CustomBackgroundView.swift; sourceTree = "<group>"; };
		A05532EF2C0BEB3300F82EB1 /* ColorExtension.swift */ = {isa = PBXFileReference; lastKnownFileType = sourcecode.swift; path = ColorExtension.swift; sourceTree = "<group>"; };
		A0638A842C0C102B004CCE79 /* CustomButtonView.swift */ = {isa = PBXFileReference; lastKnownFileType = sourcecode.swift; path = CustomButtonView.swift; sourceTree = "<group>"; };
		DE520E7B2C0D5A4F00817C2A /* GradientButtonStyle.swift */ = {isa = PBXFileReference; lastKnownFileType = sourcecode.swift; path = GradientButtonStyle.swift; sourceTree = "<group>"; };
		DE520E7D2C0D5F2900817C2A /* CustomCircleView.swift */ = {isa = PBXFileReference; lastKnownFileType = sourcecode.swift; path = CustomCircleView.swift; sourceTree = "<group>"; };
		DE520E8C2C0D6AFE00817C2A /* Hike-Bridging-Header.h */ = {isa = PBXFileReference; lastKnownFileType = sourcecode.c.h; path = "Hike-Bridging-Header.h"; sourceTree = "<group>"; };
		DEA083632C489F3800F199A1 /* MotionAnimationView.swift */ = {isa = PBXFileReference; lastKnownFileType = sourcecode.swift; path = MotionAnimationView.swift; sourceTree = "<group>"; };
		DEA083672C48A86200F199A1 /* SettingsView.swift */ = {isa = PBXFileReference; lastKnownFileType = sourcecode.swift; path = SettingsView.swift; sourceTree = "<group>"; };
		DEA083692C48B03000F199A1 /* CustomListRowView.swift */ = {isa = PBXFileReference; lastKnownFileType = sourcecode.swift; path = CustomListRowView.swift; sourceTree = "<group>"; };
/* End PBXFileReference section */

/* Begin PBXFrameworksBuildPhase section */
		A0156F722C0BE47E00D01AA3 /* Frameworks */ = {
			isa = PBXFrameworksBuildPhase;
			buildActionMask = 2147483647;
			files = (
			);
			runOnlyForDeploymentPostprocessing = 0;
		};
		A0156F822C0BE48000D01AA3 /* Frameworks */ = {
			isa = PBXFrameworksBuildPhase;
			buildActionMask = 2147483647;
			files = (
			);
			runOnlyForDeploymentPostprocessing = 0;
		};
		A0156F8C2C0BE48000D01AA3 /* Frameworks */ = {
			isa = PBXFrameworksBuildPhase;
			buildActionMask = 2147483647;
			files = (
			);
			runOnlyForDeploymentPostprocessing = 0;
		};
/* End PBXFrameworksBuildPhase section */

/* Begin PBXGroup section */
		A0156F6C2C0BE47E00D01AA3 = {
			isa = PBXGroup;
			children = (
				A0156F772C0BE47E00D01AA3 /* Hike */,
				A0156F882C0BE48000D01AA3 /* HikeTests */,
				A0156F922C0BE48000D01AA3 /* HikeUITests */,
				A0156F762C0BE47E00D01AA3 /* Products */,
			);
			sourceTree = "<group>";
		};
		A0156F762C0BE47E00D01AA3 /* Products */ = {
			isa = PBXGroup;
			children = (
				A0156F752C0BE47E00D01AA3 /* Hike.app */,
				A0156F852C0BE48000D01AA3 /* HikeTests.xctest */,
				A0156F8F2C0BE48000D01AA3 /* HikeUITests.xctest */,
			);
			name = Products;
			sourceTree = "<group>";
		};
		A0156F772C0BE47E00D01AA3 /* Hike */ = {
			isa = PBXGroup;
			children = (
				A05532EE2C0BEB1F00F82EB1 /* Utility */,
				A0156F782C0BE47E00D01AA3 /* HikeApp.swift */,
				DEA083662C48A83D00F199A1 /* Screen */,
				A0156F7C2C0BE48000D01AA3 /* Assets.xcassets */,
				A0156F7E2C0BE48000D01AA3 /* Preview Content */,
				A05532EB2C0BE95500F82EB1 /* Component */,
			);
			path = Hike;
			sourceTree = "<group>";
		};
		A0156F7E2C0BE48000D01AA3 /* Preview Content */ = {
			isa = PBXGroup;
			children = (
				A0156F7F2C0BE48000D01AA3 /* Preview Assets.xcassets */,
			);
			path = "Preview Content";
			sourceTree = "<group>";
		};
		A0156F882C0BE48000D01AA3 /* HikeTests */ = {
			isa = PBXGroup;
			children = (
				A0156F892C0BE48000D01AA3 /* HikeTests.swift */,
			);
			path = HikeTests;
			sourceTree = "<group>";
		};
		A0156F922C0BE48000D01AA3 /* HikeUITests */ = {
			isa = PBXGroup;
			children = (
				A0156F932C0BE48000D01AA3 /* HikeUITests.swift */,
				A0156F952C0BE48000D01AA3 /* HikeUITestsLaunchTests.swift */,
			);
			path = HikeUITests;
			sourceTree = "<group>";
		};
		A05532EB2C0BE95500F82EB1 /* Component */ = {
			isa = PBXGroup;
			children = (
				A05532E92C0BE78E00F82EB1 /* CardView.swift */,
				A05532EC2C0BE9A400F82EB1 /* CustomBackgroundView.swift */,
				A0638A842C0C102B004CCE79 /* CustomButtonView.swift */,
				DE520E7D2C0D5F2900817C2A /* CustomCircleView.swift */,
				DEA083632C489F3800F199A1 /* MotionAnimationView.swift */,
				DEA083692C48B03000F199A1 /* CustomListRowView.swift */,
			);
			path = Component;
			sourceTree = "<group>";
		};
		A05532EE2C0BEB1F00F82EB1 /* Utility */ = {
			isa = PBXGroup;
			children = (
				A05532EF2C0BEB3300F82EB1 /* ColorExtension.swift */,
				DE520E7B2C0D5A4F00817C2A /* GradientButtonStyle.swift */,
				DE520E8C2C0D6AFE00817C2A /* Hike-Bridging-Header.h */,
			);
			path = Utility;
			sourceTree = "<group>";
		};
		DEA083662C48A83D00F199A1 /* Screen */ = {
			isa = PBXGroup;
			children = (
				A0156F7A2C0BE47E00D01AA3 /* ContentView.swift */,
				DEA083672C48A86200F199A1 /* SettingsView.swift */,
			);
			path = Screen;
			sourceTree = "<group>";
		};
/* End PBXGroup section */

/* Begin PBXNativeTarget section */
		A0156F742C0BE47E00D01AA3 /* Hike */ = {
			isa = PBXNativeTarget;
			buildConfigurationList = A0156F992C0BE48000D01AA3 /* Build configuration list for PBXNativeTarget "Hike" */;
			buildPhases = (
				A0156F712C0BE47E00D01AA3 /* Sources */,
				A0156F722C0BE47E00D01AA3 /* Frameworks */,
				A0156F732C0BE47E00D01AA3 /* Resources */,
			);
			buildRules = (
			);
			dependencies = (
			);
			name = Hike;
			productName = Hike;
			productReference = A0156F752C0BE47E00D01AA3 /* Hike.app */;
			productType = "com.apple.product-type.application";
		};
		A0156F842C0BE48000D01AA3 /* HikeTests */ = {
			isa = PBXNativeTarget;
			buildConfigurationList = A0156F9C2C0BE48000D01AA3 /* Build configuration list for PBXNativeTarget "HikeTests" */;
			buildPhases = (
				A0156F812C0BE48000D01AA3 /* Sources */,
				A0156F822C0BE48000D01AA3 /* Frameworks */,
				A0156F832C0BE48000D01AA3 /* Resources */,
			);
			buildRules = (
			);
			dependencies = (
				A0156F872C0BE48000D01AA3 /* PBXTargetDependency */,
			);
			name = HikeTests;
			productName = HikeTests;
			productReference = A0156F852C0BE48000D01AA3 /* HikeTests.xctest */;
			productType = "com.apple.product-type.bundle.unit-test";
		};
		A0156F8E2C0BE48000D01AA3 /* HikeUITests */ = {
			isa = PBXNativeTarget;
			buildConfigurationList = A0156F9F2C0BE48000D01AA3 /* Build configuration list for PBXNativeTarget "HikeUITests" */;
			buildPhases = (
				A0156F8B2C0BE48000D01AA3 /* Sources */,
				A0156F8C2C0BE48000D01AA3 /* Frameworks */,
				A0156F8D2C0BE48000D01AA3 /* Resources */,
			);
			buildRules = (
			);
			dependencies = (
				A0156F912C0BE48000D01AA3 /* PBXTargetDependency */,
			);
			name = HikeUITests;
			productName = HikeUITests;
			productReference = A0156F8F2C0BE48000D01AA3 /* HikeUITests.xctest */;
			productType = "com.apple.product-type.bundle.ui-testing";
		};
/* End PBXNativeTarget section */

/* Begin PBXProject section */
		A0156F6D2C0BE47E00D01AA3 /* Project object */ = {
			isa = PBXProject;
			attributes = {
				BuildIndependentTargetsInParallel = 1;
				LastSwiftUpdateCheck = 1540;
				LastUpgradeCheck = 1540;
				TargetAttributes = {
					A0156F742C0BE47E00D01AA3 = {
						CreatedOnToolsVersion = 15.4;
						LastSwiftMigration = 1540;
					};
					A0156F842C0BE48000D01AA3 = {
						CreatedOnToolsVersion = 15.4;
						TestTargetID = A0156F742C0BE47E00D01AA3;
					};
					A0156F8E2C0BE48000D01AA3 = {
						CreatedOnToolsVersion = 15.4;
						TestTargetID = A0156F742C0BE47E00D01AA3;
					};
				};
			};
			buildConfigurationList = A0156F702C0BE47E00D01AA3 /* Build configuration list for PBXProject "Hike" */;
			compatibilityVersion = "Xcode 14.0";
			developmentRegion = en;
			hasScannedForEncodings = 0;
			knownRegions = (
				en,
				Base,
			);
			mainGroup = A0156F6C2C0BE47E00D01AA3;
			productRefGroup = A0156F762C0BE47E00D01AA3 /* Products */;
			projectDirPath = "";
			projectRoot = "";
			targets = (
				A0156F742C0BE47E00D01AA3 /* Hike */,
				A0156F842C0BE48000D01AA3 /* HikeTests */,
				A0156F8E2C0BE48000D01AA3 /* HikeUITests */,
			);
		};
/* End PBXProject section */

/* Begin PBXResourcesBuildPhase section */
		A0156F732C0BE47E00D01AA3 /* Resources */ = {
			isa = PBXResourcesBuildPhase;
			buildActionMask = 2147483647;
			files = (
				A0156F802C0BE48000D01AA3 /* Preview Assets.xcassets in Resources */,
				A0156F7D2C0BE48000D01AA3 /* Assets.xcassets in Resources */,
			);
			runOnlyForDeploymentPostprocessing = 0;
		};
		A0156F832C0BE48000D01AA3 /* Resources */ = {
			isa = PBXResourcesBuildPhase;
			buildActionMask = 2147483647;
			files = (
			);
			runOnlyForDeploymentPostprocessing = 0;
		};
		A0156F8D2C0BE48000D01AA3 /* Resources */ = {
			isa = PBXResourcesBuildPhase;
			buildActionMask = 2147483647;
			files = (
			);
			runOnlyForDeploymentPostprocessing = 0;
		};
/* End PBXResourcesBuildPhase section */

/* Begin PBXSourcesBuildPhase section */
		A0156F712C0BE47E00D01AA3 /* Sources */ = {
			isa = PBXSourcesBuildPhase;
			buildActionMask = 2147483647;
			files = (
				A0156F7B2C0BE47E00D01AA3 /* ContentView.swift in Sources */,
				DE520E7E2C0D5F2900817C2A /* CustomCircleView.swift in Sources */,
				DEA0836A2C48B03000F199A1 /* CustomListRowView.swift in Sources */,
				A05532EA2C0BE78E00F82EB1 /* CardView.swift in Sources */,
				A0156F792C0BE47E00D01AA3 /* HikeApp.swift in Sources */,
				A0638A852C0C102B004CCE79 /* CustomButtonView.swift in Sources */,
				DEA083682C48A86200F199A1 /* SettingsView.swift in Sources */,
				DE520E7C2C0D5A4F00817C2A /* GradientButtonStyle.swift in Sources */,
				DEA083642C489F3800F199A1 /* MotionAnimationView.swift in Sources */,
				A05532ED2C0BE9A400F82EB1 /* CustomBackgroundView.swift in Sources */,
				A05532F02C0BEB3300F82EB1 /* ColorExtension.swift in Sources */,
			);
			runOnlyForDeploymentPostprocessing = 0;
		};
		A0156F812C0BE48000D01AA3 /* Sources */ = {
			isa = PBXSourcesBuildPhase;
			buildActionMask = 2147483647;
			files = (
				A0156F8A2C0BE48000D01AA3 /* HikeTests.swift in Sources */,
			);
			runOnlyForDeploymentPostprocessing = 0;
		};
		A0156F8B2C0BE48000D01AA3 /* Sources */ = {
			isa = PBXSourcesBuildPhase;
			buildActionMask = 2147483647;
			files = (
				A0156F942C0BE48000D01AA3 /* HikeUITests.swift in Sources */,
				A0156F962C0BE48000D01AA3 /* HikeUITestsLaunchTests.swift in Sources */,
			);
			runOnlyForDeploymentPostprocessing = 0;
		};
/* End PBXSourcesBuildPhase section */

/* Begin PBXTargetDependency section */
		A0156F872C0BE48000D01AA3 /* PBXTargetDependency */ = {
			isa = PBXTargetDependency;
			target = A0156F742C0BE47E00D01AA3 /* Hike */;
			targetProxy = A0156F862C0BE48000D01AA3 /* PBXContainerItemProxy */;
		};
		A0156F912C0BE48000D01AA3 /* PBXTargetDependency */ = {
			isa = PBXTargetDependency;
			target = A0156F742C0BE47E00D01AA3 /* Hike */;
			targetProxy = A0156F902C0BE48000D01AA3 /* PBXContainerItemProxy */;
		};
/* End PBXTargetDependency section */

/* Begin XCBuildConfiguration section */
		A0156F972C0BE48000D01AA3 /* Debug */ = {
			isa = XCBuildConfiguration;
			buildSettings = {
				ALWAYS_SEARCH_USER_PATHS = NO;
				ASSETCATALOG_COMPILER_GENERATE_SWIFT_ASSET_SYMBOL_EXTENSIONS = YES;
				CLANG_ANALYZER_NONNULL = YES;
				CLANG_ANALYZER_NUMBER_OBJECT_CONVERSION = YES_AGGRESSIVE;
				CLANG_CXX_LANGUAGE_STANDARD = "gnu++20";
				CLANG_ENABLE_MODULES = YES;
				CLANG_ENABLE_OBJC_ARC = YES;
				CLANG_ENABLE_OBJC_WEAK = YES;
				CLANG_WARN_BLOCK_CAPTURE_AUTORELEASING = YES;
				CLANG_WARN_BOOL_CONVERSION = YES;
				CLANG_WARN_COMMA = YES;
				CLANG_WARN_CONSTANT_CONVERSION = YES;
				CLANG_WARN_DEPRECATED_OBJC_IMPLEMENTATIONS = YES;
				CLANG_WARN_DIRECT_OBJC_ISA_USAGE = YES_ERROR;
				CLANG_WARN_DOCUMENTATION_COMMENTS = YES;
				CLANG_WARN_EMPTY_BODY = YES;
				CLANG_WARN_ENUM_CONVERSION = YES;
				CLANG_WARN_INFINITE_RECURSION = YES;
				CLANG_WARN_INT_CONVERSION = YES;
				CLANG_WARN_NON_LITERAL_NULL_CONVERSION = YES;
				CLANG_WARN_OBJC_IMPLICIT_RETAIN_SELF = YES;
				CLANG_WARN_OBJC_LITERAL_CONVERSION = YES;
				CLANG_WARN_OBJC_ROOT_CLASS = YES_ERROR;
				CLANG_WARN_QUOTED_INCLUDE_IN_FRAMEWORK_HEADER = YES;
				CLANG_WARN_RANGE_LOOP_ANALYSIS = YES;
				CLANG_WARN_STRICT_PROTOTYPES = YES;
				CLANG_WARN_SUSPICIOUS_MOVE = YES;
				CLANG_WARN_UNGUARDED_AVAILABILITY = YES_AGGRESSIVE;
				CLANG_WARN_UNREACHABLE_CODE = YES;
				CLANG_WARN__DUPLICATE_METHOD_MATCH = YES;
				COPY_PHASE_STRIP = NO;
				DEBUG_INFORMATION_FORMAT = dwarf;
				ENABLE_STRICT_OBJC_MSGSEND = YES;
				ENABLE_TESTABILITY = YES;
				ENABLE_USER_SCRIPT_SANDBOXING = YES;
				GCC_C_LANGUAGE_STANDARD = gnu17;
				GCC_DYNAMIC_NO_PIC = NO;
				GCC_NO_COMMON_BLOCKS = YES;
				GCC_OPTIMIZATION_LEVEL = 0;
				GCC_PREPROCESSOR_DEFINITIONS = (
					"DEBUG=1",
					"$(inherited)",
				);
				GCC_WARN_64_TO_32_BIT_CONVERSION = YES;
				GCC_WARN_ABOUT_RETURN_TYPE = YES_ERROR;
				GCC_WARN_UNDECLARED_SELECTOR = YES;
				GCC_WARN_UNINITIALIZED_AUTOS = YES_AGGRESSIVE;
				GCC_WARN_UNUSED_FUNCTION = YES;
				GCC_WARN_UNUSED_VARIABLE = YES;
				IPHONEOS_DEPLOYMENT_TARGET = 17.5;
				LOCALIZATION_PREFERS_STRING_CATALOGS = YES;
				MTL_ENABLE_DEBUG_INFO = INCLUDE_SOURCE;
				MTL_FAST_MATH = YES;
				ONLY_ACTIVE_ARCH = YES;
				SDKROOT = iphoneos;
				SWIFT_ACTIVE_COMPILATION_CONDITIONS = "DEBUG $(inherited)";
				SWIFT_OPTIMIZATION_LEVEL = "-Onone";
			};
			name = Debug;
		};
		A0156F982C0BE48000D01AA3 /* Release */ = {
			isa = XCBuildConfiguration;
			buildSettings = {
				ALWAYS_SEARCH_USER_PATHS = NO;
				ASSETCATALOG_COMPILER_GENERATE_SWIFT_ASSET_SYMBOL_EXTENSIONS = YES;
				CLANG_ANALYZER_NONNULL = YES;
				CLANG_ANALYZER_NUMBER_OBJECT_CONVERSION = YES_AGGRESSIVE;
				CLANG_CXX_LANGUAGE_STANDARD = "gnu++20";
				CLANG_ENABLE_MODULES = YES;
				CLANG_ENABLE_OBJC_ARC = YES;
				CLANG_ENABLE_OBJC_WEAK = YES;
				CLANG_WARN_BLOCK_CAPTURE_AUTORELEASING = YES;
				CLANG_WARN_BOOL_CONVERSION = YES;
				CLANG_WARN_COMMA = YES;
				CLANG_WARN_CONSTANT_CONVERSION = YES;
				CLANG_WARN_DEPRECATED_OBJC_IMPLEMENTATIONS = YES;
				CLANG_WARN_DIRECT_OBJC_ISA_USAGE = YES_ERROR;
				CLANG_WARN_DOCUMENTATION_COMMENTS = YES;
				CLANG_WARN_EMPTY_BODY = YES;
				CLANG_WARN_ENUM_CONVERSION = YES;
				CLANG_WARN_INFINITE_RECURSION = YES;
				CLANG_WARN_INT_CONVERSION = YES;
				CLANG_WARN_NON_LITERAL_NULL_CONVERSION = YES;
				CLANG_WARN_OBJC_IMPLICIT_RETAIN_SELF = YES;
				CLANG_WARN_OBJC_LITERAL_CONVERSION = YES;
				CLANG_WARN_OBJC_ROOT_CLASS = YES_ERROR;
				CLANG_WARN_QUOTED_INCLUDE_IN_FRAMEWORK_HEADER = YES;
				CLANG_WARN_RANGE_LOOP_ANALYSIS = YES;
				CLANG_WARN_STRICT_PROTOTYPES = YES;
				CLANG_WARN_SUSPICIOUS_MOVE = YES;
				CLANG_WARN_UNGUARDED_AVAILABILITY = YES_AGGRESSIVE;
				CLANG_WARN_UNREACHABLE_CODE = YES;
				CLANG_WARN__DUPLICATE_METHOD_MATCH = YES;
				COPY_PHASE_STRIP = NO;
				DEBUG_INFORMATION_FORMAT = "dwarf-with-dsym";
				ENABLE_NS_ASSERTIONS = NO;
				ENABLE_STRICT_OBJC_MSGSEND = YES;
				ENABLE_USER_SCRIPT_SANDBOXING = YES;
				GCC_C_LANGUAGE_STANDARD = gnu17;
				GCC_NO_COMMON_BLOCKS = YES;
				GCC_WARN_64_TO_32_BIT_CONVERSION = YES;
				GCC_WARN_ABOUT_RETURN_TYPE = YES_ERROR;
				GCC_WARN_UNDECLARED_SELECTOR = YES;
				GCC_WARN_UNINITIALIZED_AUTOS = YES_AGGRESSIVE;
				GCC_WARN_UNUSED_FUNCTION = YES;
				GCC_WARN_UNUSED_VARIABLE = YES;
				IPHONEOS_DEPLOYMENT_TARGET = 17.5;
				LOCALIZATION_PREFERS_STRING_CATALOGS = YES;
				MTL_ENABLE_DEBUG_INFO = NO;
				MTL_FAST_MATH = YES;
				SDKROOT = iphoneos;
				SWIFT_COMPILATION_MODE = wholemodule;
				VALIDATE_PRODUCT = YES;
			};
			name = Release;
		};
		A0156F9A2C0BE48000D01AA3 /* Debug */ = {
			isa = XCBuildConfiguration;
			buildSettings = {
				ASSETCATALOG_COMPILER_APPICON_NAME = AppIcon;
				ASSETCATALOG_COMPILER_GLOBAL_ACCENT_COLOR_NAME = AccentColor;
				CLANG_ENABLE_MODULES = YES;
				CODE_SIGN_STYLE = Automatic;
				CURRENT_PROJECT_VERSION = 1;
				DEVELOPMENT_ASSET_PATHS = "\"Hike/Preview Content\"";
				ENABLE_PREVIEWS = YES;
				GENERATE_INFOPLIST_FILE = YES;
				INFOPLIST_KEY_UIApplicationSceneManifest_Generation = YES;
				INFOPLIST_KEY_UIApplicationSupportsIndirectInputEvents = YES;
				INFOPLIST_KEY_UILaunchScreen_Generation = YES;
				INFOPLIST_KEY_UISupportedInterfaceOrientations_iPad = "UIInterfaceOrientationPortrait UIInterfaceOrientationPortraitUpsideDown UIInterfaceOrientationLandscapeLeft UIInterfaceOrientationLandscapeRight";
				INFOPLIST_KEY_UISupportedInterfaceOrientations_iPhone = "UIInterfaceOrientationPortrait UIInterfaceOrientationLandscapeLeft UIInterfaceOrientationLandscapeRight";
				LD_RUNPATH_SEARCH_PATHS = (
					"$(inherited)",
					"@executable_path/Frameworks",
				);
				MARKETING_VERSION = 1.0;
				PRODUCT_BUNDLE_IDENTIFIER = com.lamnguyen.Hike;
				PRODUCT_NAME = "$(TARGET_NAME)";
				SWIFT_EMIT_LOC_STRINGS = YES;
				SWIFT_OBJC_BRIDGING_HEADER = "Hike/Utility/Hike-Bridging-Header.h";
				SWIFT_OPTIMIZATION_LEVEL = "-Onone";
				SWIFT_VERSION = 5.0;
				TARGETED_DEVICE_FAMILY = "1,2";
			};
			name = Debug;
		};
		A0156F9B2C0BE48000D01AA3 /* Release */ = {
			isa = XCBuildConfiguration;
			buildSettings = {
				ASSETCATALOG_COMPILER_APPICON_NAME = AppIcon;
				ASSETCATALOG_COMPILER_GLOBAL_ACCENT_COLOR_NAME = AccentColor;
				CLANG_ENABLE_MODULES = YES;
				CODE_SIGN_STYLE = Automatic;
				CURRENT_PROJECT_VERSION = 1;
				DEVELOPMENT_ASSET_PATHS = "\"Hike/Preview Content\"";
				ENABLE_PREVIEWS = YES;
				GENERATE_INFOPLIST_FILE = YES;
				INFOPLIST_KEY_UIApplicationSceneManifest_Generation = YES;
				INFOPLIST_KEY_UIApplicationSupportsIndirectInputEvents = YES;
				INFOPLIST_KEY_UILaunchScreen_Generation = YES;
				INFOPLIST_KEY_UISupportedInterfaceOrientations_iPad = "UIInterfaceOrientationPortrait UIInterfaceOrientationPortraitUpsideDown UIInterfaceOrientationLandscapeLeft UIInterfaceOrientationLandscapeRight";
				INFOPLIST_KEY_UISupportedInterfaceOrientations_iPhone = "UIInterfaceOrientationPortrait UIInterfaceOrientationLandscapeLeft UIInterfaceOrientationLandscapeRight";
				LD_RUNPATH_SEARCH_PATHS = (
					"$(inherited)",
					"@executable_path/Frameworks",
				);
				MARKETING_VERSION = 1.0;
				PRODUCT_BUNDLE_IDENTIFIER = com.lamnguyen.Hike;
				PRODUCT_NAME = "$(TARGET_NAME)";
				SWIFT_EMIT_LOC_STRINGS = YES;
				SWIFT_OBJC_BRIDGING_HEADER = "Hike/Utility/Hike-Bridging-Header.h";
				SWIFT_VERSION = 5.0;
				TARGETED_DEVICE_FAMILY = "1,2";
			};
			name = Release;
		};
		A0156F9D2C0BE48000D01AA3 /* Debug */ = {
			isa = XCBuildConfiguration;
			buildSettings = {
				ALWAYS_EMBED_SWIFT_STANDARD_LIBRARIES = YES;
				BUNDLE_LOADER = "$(TEST_HOST)";
				CODE_SIGN_STYLE = Automatic;
				CURRENT_PROJECT_VERSION = 1;
				GENERATE_INFOPLIST_FILE = YES;
				IPHONEOS_DEPLOYMENT_TARGET = 17.5;
				MARKETING_VERSION = 1.0;
				PRODUCT_BUNDLE_IDENTIFIER = com.lamnguyen.HikeTests;
				PRODUCT_NAME = "$(TARGET_NAME)";
				SWIFT_EMIT_LOC_STRINGS = NO;
				SWIFT_VERSION = 5.0;
				TARGETED_DEVICE_FAMILY = "1,2";
				TEST_HOST = "$(BUILT_PRODUCTS_DIR)/Hike.app/$(BUNDLE_EXECUTABLE_FOLDER_PATH)/Hike";
			};
			name = Debug;
		};
		A0156F9E2C0BE48000D01AA3 /* Release */ = {
			isa = XCBuildConfiguration;
			buildSettings = {
				ALWAYS_EMBED_SWIFT_STANDARD_LIBRARIES = YES;
				BUNDLE_LOADER = "$(TEST_HOST)";
				CODE_SIGN_STYLE = Automatic;
				CURRENT_PROJECT_VERSION = 1;
				GENERATE_INFOPLIST_FILE = YES;
				IPHONEOS_DEPLOYMENT_TARGET = 17.5;
				MARKETING_VERSION = 1.0;
				PRODUCT_BUNDLE_IDENTIFIER = com.lamnguyen.HikeTests;
				PRODUCT_NAME = "$(TARGET_NAME)";
				SWIFT_EMIT_LOC_STRINGS = NO;
				SWIFT_VERSION = 5.0;
				TARGETED_DEVICE_FAMILY = "1,2";
				TEST_HOST = "$(BUILT_PRODUCTS_DIR)/Hike.app/$(BUNDLE_EXECUTABLE_FOLDER_PATH)/Hike";
			};
			name = Release;
		};
		A0156FA02C0BE48000D01AA3 /* Debug */ = {
			isa = XCBuildConfiguration;
			buildSettings = {
				ALWAYS_EMBED_SWIFT_STANDARD_LIBRARIES = YES;
				CODE_SIGN_STYLE = Automatic;
				CURRENT_PROJECT_VERSION = 1;
				GENERATE_INFOPLIST_FILE = YES;
				MARKETING_VERSION = 1.0;
				PRODUCT_BUNDLE_IDENTIFIER = com.lamnguyen.HikeUITests;
				PRODUCT_NAME = "$(TARGET_NAME)";
				SWIFT_EMIT_LOC_STRINGS = NO;
				SWIFT_VERSION = 5.0;
				TARGETED_DEVICE_FAMILY = "1,2";
				TEST_TARGET_NAME = Hike;
			};
			name = Debug;
		};
		A0156FA12C0BE48000D01AA3 /* Release */ = {
			isa = XCBuildConfiguration;
			buildSettings = {
				ALWAYS_EMBED_SWIFT_STANDARD_LIBRARIES = YES;
				CODE_SIGN_STYLE = Automatic;
				CURRENT_PROJECT_VERSION = 1;
				GENERATE_INFOPLIST_FILE = YES;
				MARKETING_VERSION = 1.0;
				PRODUCT_BUNDLE_IDENTIFIER = com.lamnguyen.HikeUITests;
				PRODUCT_NAME = "$(TARGET_NAME)";
				SWIFT_EMIT_LOC_STRINGS = NO;
				SWIFT_VERSION = 5.0;
				TARGETED_DEVICE_FAMILY = "1,2";
				TEST_TARGET_NAME = Hike;
			};
			name = Release;
		};
/* End XCBuildConfiguration section */

/* Begin XCConfigurationList section */
		A0156F702C0BE47E00D01AA3 /* Build configuration list for PBXProject "Hike" */ = {
			isa = XCConfigurationList;
			buildConfigurations = (
				A0156F972C0BE48000D01AA3 /* Debug */,
				A0156F982C0BE48000D01AA3 /* Release */,
			);
			defaultConfigurationIsVisible = 0;
			defaultConfigurationName = Release;
		};
		A0156F992C0BE48000D01AA3 /* Build configuration list for PBXNativeTarget "Hike" */ = {
			isa = XCConfigurationList;
			buildConfigurations = (
				A0156F9A2C0BE48000D01AA3 /* Debug */,
				A0156F9B2C0BE48000D01AA3 /* Release */,
			);
			defaultConfigurationIsVisible = 0;
			defaultConfigurationName = Release;
		};
		A0156F9C2C0BE48000D01AA3 /* Build configuration list for PBXNativeTarget "HikeTests" */ = {
			isa = XCConfigurationList;
			buildConfigurations = (
				A0156F9D2C0BE48000D01AA3 /* Debug */,
				A0156F9E2C0BE48000D01AA3 /* Release */,
			);
			defaultConfigurationIsVisible = 0;
			defaultConfigurationName = Release;
		};
		A0156F9F2C0BE48000D01AA3 /* Build configuration list for PBXNativeTarget "HikeUITests" */ = {
			isa = XCConfigurationList;
			buildConfigurations = (
				A0156FA02C0BE48000D01AA3 /* Debug */,
				A0156FA12C0BE48000D01AA3 /* Release */,
			);
			defaultConfigurationIsVisible = 0;
			defaultConfigurationName = Release;
		};
/* End XCConfigurationList section */
	};
	rootObject = A0156F6D2C0BE47E00D01AA3 /* Project object */;
}
